
Microsoft Visual Studio Solution File, Format Version 12.00
# Visual Studio Version 17
VisualStudioVersion = 17.0.32112.339
MinimumVisualStudioVersion = 10.0.40219.1
Project("{9A19103F-16F7-4668-BE54-9A1E7A4F7556}") = "MadWolfTwitchBot.Client", "MadWolfTwitchBot.Client\MadWolfTwitchBot.Client.csproj", "{D201F25B-D2A9-4D76-B304-FCE69F5EA87F}"
EndProject
Project("{9A19103F-16F7-4668-BE54-9A1E7A4F7556}") = "MadWolfTwitchBot.BotCommands", "MadWolfTwitchBot.Api\MadWolfTwitchBot.BotCommands.csproj", "{60B5D04D-D02F-42FA-BD68-3B4F7CCCC437}"
EndProject
Project("{9A19103F-16F7-4668-BE54-9A1E7A4F7556}") = "MadWolfTwitchBot.Services", "MadWolfTwitchBot.Services\MadWolfTwitchBot.Services.csproj", "{312D0E80-9806-46E1-89F4-A7834B25C2FA}"
EndProject
Project("{9A19103F-16F7-4668-BE54-9A1E7A4F7556}") = "MadWolfTwitchBot.Models", "MadWolfTwitchBot.Models\MadWolfTwitchBot.Models.csproj", "{129D6E6C-8432-4DE0-9B9A-3D62B6695C42}"
EndProject
Project("{9A19103F-16F7-4668-BE54-9A1E7A4F7556}") = "MadWolfTwitchBot.Domain", "MadWolfTwitchBot.Domain\MadWolfTwitchBot.Domain.csproj", "{844B3037-09A9-46F5-8232-806EBED75C34}"
EndProject
Project("{9A19103F-16F7-4668-BE54-9A1E7A4F7556}") = "MadWolfTools.Common.AttributeExtension", "..\CommonTools\MadWolfTools.Common.AttributeExtension\MadWolfTools.Common.AttributeExtension.csproj", "{7F529114-FFD7-4582-80BD-DF790D0A61B4}"
EndProject
Project("{9A19103F-16F7-4668-BE54-9A1E7A4F7556}") = "Tools.StreamSerializer", "..\TwitchStreamAnayliser\Tools.StreamSerializer\Tools.StreamSerializer.csproj", "{76D6F68E-7559-4C4A-A7EF-9F48FAA0D83F}"
EndProject
Project("{FAE04EC0-301F-11D3-BF4B-00C04F79EFBC}") = "MadWolfTwitchBot.Authentication", "MadWolfTwitchBot.Authentication\MadWolfTwitchBot.Authentication.csproj", "{214B2AEB-4AB4-40F8-86E6-1402132D10C8}"
EndProject
Global
	GlobalSection(SolutionConfigurationPlatforms) = preSolution
		Debug|Any CPU = Debug|Any CPU
		Release|Any CPU = Release|Any CPU
	EndGlobalSection
	GlobalSection(ProjectConfigurationPlatforms) = postSolution
		{D201F25B-D2A9-4D76-B304-FCE69F5EA87F}.Debug|Any CPU.ActiveCfg = Debug|Any CPU
		{D201F25B-D2A9-4D76-B304-FCE69F5EA87F}.Debug|Any CPU.Build.0 = Debug|Any CPU
		{D201F25B-D2A9-4D76-B304-FCE69F5EA87F}.Release|Any CPU.ActiveCfg = Release|Any CPU
		{D201F25B-D2A9-4D76-B304-FCE69F5EA87F}.Release|Any CPU.Build.0 = Release|Any CPU
		{60B5D04D-D02F-42FA-BD68-3B4F7CCCC437}.Debug|Any CPU.ActiveCfg = Debug|Any CPU
		{60B5D04D-D02F-42FA-BD68-3B4F7CCCC437}.Debug|Any CPU.Build.0 = Debug|Any CPU
		{60B5D04D-D02F-42FA-BD68-3B4F7CCCC437}.Release|Any CPU.ActiveCfg = Release|Any CPU
		{60B5D04D-D02F-42FA-BD68-3B4F7CCCC437}.Release|Any CPU.Build.0 = Release|Any CPU
		{312D0E80-9806-46E1-89F4-A7834B25C2FA}.Debug|Any CPU.ActiveCfg = Debug|Any CPU
		{312D0E80-9806-46E1-89F4-A7834B25C2FA}.Debug|Any CPU.Build.0 = Debug|Any CPU
		{312D0E80-9806-46E1-89F4-A7834B25C2FA}.Release|Any CPU.ActiveCfg = Release|Any CPU
		{312D0E80-9806-46E1-89F4-A7834B25C2FA}.Release|Any CPU.Build.0 = Release|Any CPU
		{129D6E6C-8432-4DE0-9B9A-3D62B6695C42}.Debug|Any CPU.ActiveCfg = Debug|Any CPU
		{129D6E6C-8432-4DE0-9B9A-3D62B6695C42}.Debug|Any CPU.Build.0 = Debug|Any CPU
		{129D6E6C-8432-4DE0-9B9A-3D62B6695C42}.Release|Any CPU.ActiveCfg = Release|Any CPU
		{129D6E6C-8432-4DE0-9B9A-3D62B6695C42}.Release|Any CPU.Build.0 = Release|Any CPU
		{844B3037-09A9-46F5-8232-806EBED75C34}.Debug|Any CPU.ActiveCfg = Debug|Any CPU
		{844B3037-09A9-46F5-8232-806EBED75C34}.Debug|Any CPU.Build.0 = Debug|Any CPU
		{844B3037-09A9-46F5-8232-806EBED75C34}.Release|Any CPU.ActiveCfg = Release|Any CPU
		{844B3037-09A9-46F5-8232-806EBED75C34}.Release|Any CPU.Build.0 = Release|Any CPU
		{7F529114-FFD7-4582-80BD-DF790D0A61B4}.Debug|Any CPU.ActiveCfg = Debug|Any CPU
		{7F529114-FFD7-4582-80BD-DF790D0A61B4}.Debug|Any CPU.Build.0 = Debug|Any CPU
		{7F529114-FFD7-4582-80BD-DF790D0A61B4}.Release|Any CPU.ActiveCfg = Release|Any CPU
		{7F529114-FFD7-4582-80BD-DF790D0A61B4}.Release|Any CPU.Build.0 = Release|Any CPU
		{76D6F68E-7559-4C4A-A7EF-9F48FAA0D83F}.Debug|Any CPU.ActiveCfg = Debug|Any CPU
		{76D6F68E-7559-4C4A-A7EF-9F48FAA0D83F}.Debug|Any CPU.Build.0 = Debug|Any CPU
		{76D6F68E-7559-4C4A-A7EF-9F48FAA0D83F}.Release|Any CPU.ActiveCfg = Release|Any CPU
		{76D6F68E-7559-4C4A-A7EF-9F48FAA0D83F}.Release|Any CPU.Build.0 = Release|Any CPU
		{214B2AEB-4AB4-40F8-86E6-1402132D10C8}.Debug|Any CPU.ActiveCfg = Debug|Any CPU
		{214B2AEB-4AB4-40F8-86E6-1402132D10C8}.Debug|Any CPU.Build.0 = Debug|Any CPU
		{214B2AEB-4AB4-40F8-86E6-1402132D10C8}.Release|Any CPU.ActiveCfg = Release|Any CPU
		{214B2AEB-4AB4-40F8-86E6-1402132D10C8}.Release|Any CPU.Build.0 = Release|Any CPU
	EndGlobalSection
	GlobalSection(SolutionProperties) = preSolution
		HideSolutionNode = FALSE
	EndGlobalSection
	GlobalSection(ExtensibilityGlobals) = postSolution
		SolutionGuid = {B2EE36BC-0C55-46C2-9D80-424FEF9594EC}
	EndGlobalSection
EndGlobal
